// !$*UTF8*$!
{
	archiveVersion = 1;
	classes = {
	};
	objectVersion = 46;
	objects = {

/* Begin PBXBuildFile section */
		048AF2131B2EFF7A00B176CE /* AppDelegate.swift in Sources */ = {isa = PBXBuildFile; fileRef = 048AF2121B2EFF7A00B176CE /* AppDelegate.swift */; };
		048AF2151B2EFF7A00B176CE /* ViewController.swift in Sources */ = {isa = PBXBuildFile; fileRef = 048AF2141B2EFF7A00B176CE /* ViewController.swift */; };
		048AF2181B2EFF7A00B176CE /* Main.storyboard in Resources */ = {isa = PBXBuildFile; fileRef = 048AF2161B2EFF7A00B176CE /* Main.storyboard */; };
		048AF21A1B2EFF7A00B176CE /* Images.xcassets in Resources */ = {isa = PBXBuildFile; fileRef = 048AF2191B2EFF7A00B176CE /* Images.xcassets */; };
		048AF21D1B2EFF7A00B176CE /* LaunchScreen.xib in Resources */ = {isa = PBXBuildFile; fileRef = 048AF21B1B2EFF7A00B176CE /* LaunchScreen.xib */; };
		048AF2291B2EFF7A00B176CE /* Custom_KeyboardTests.swift in Sources */ = {isa = PBXBuildFile; fileRef = 048AF2281B2EFF7A00B176CE /* Custom_KeyboardTests.swift */; };
/* End PBXBuildFile section */

/* Begin PBXContainerItemProxy section */
		048AF2231B2EFF7A00B176CE /* PBXContainerItemProxy */ = {
			isa = PBXContainerItemProxy;
			containerPortal = 048AF2051B2EFF7A00B176CE /* Project object */;
			proxyType = 1;
			remoteGlobalIDString = 048AF20C1B2EFF7A00B176CE;
			remoteInfo = "Custom Keyboard";
		};
/* End PBXContainerItemProxy section */

/* Begin PBXFileReference section */
		048AF20D1B2EFF7A00B176CE /* Custom Keyboard.app */ = {isa = PBXFileReference; explicitFileType = wrapper.application; includeInIndex = 0; path = "Custom Keyboard.app"; sourceTree = BUILT_PRODUCTS_DIR; };
		048AF2111B2EFF7A00B176CE /* Info.plist */ = {isa = PBXFileReference; lastKnownFileType = text.plist.xml; path = Info.plist; sourceTree = "<group>"; };
		048AF2121B2EFF7A00B176CE /* AppDelegate.swift */ = {isa = PBXFileReference; lastKnownFileType = sourcecode.swift; path = AppDelegate.swift; sourceTree = "<group>"; };
		048AF2141B2EFF7A00B176CE /* ViewController.swift */ = {isa = PBXFileReference; lastKnownFileType = sourcecode.swift; path = ViewController.swift; sourceTree = "<group>"; };
		048AF2171B2EFF7A00B176CE /* Base */ = {isa = PBXFileReference; lastKnownFileType = file.storyboard; name = Base; path = Base.lproj/Main.storyboard; sourceTree = "<group>"; };
		048AF2191B2EFF7A00B176CE /* Images.xcassets */ = {isa = PBXFileReference; lastKnownFileType = folder.assetcatalog; path = Images.xcassets; sourceTree = "<group>"; };
		048AF21C1B2EFF7A00B176CE /* Base */ = {isa = PBXFileReference; lastKnownFileType = file.xib; name = Base; path = Base.lproj/LaunchScreen.xib; sourceTree = "<group>"; };
		048AF2221B2EFF7A00B176CE /* Custom KeyboardTests.xctest */ = {isa = PBXFileReference; explicitFileType = wrapper.cfbundle; includeInIndex = 0; path = "Custom KeyboardTests.xctest"; sourceTree = BUILT_PRODUCTS_DIR; };
		048AF2271B2EFF7A00B176CE /* Info.plist */ = {isa = PBXFileReference; lastKnownFileType = text.plist.xml; path = Info.plist; sourceTree = "<group>"; };
		048AF2281B2EFF7A00B176CE /* Custom_KeyboardTests.swift */ = {isa = PBXFileReference; lastKnownFileType = sourcecode.swift; path = Custom_KeyboardTests.swift; sourceTree = "<group>"; };
/* End PBXFileReference section */

/* Begin PBXFrameworksBuildPhase section */
		048AF20A1B2EFF7A00B176CE /* Frameworks */ = {
			isa = PBXFrameworksBuildPhase;
			buildActionMask = 2147483647;
			files = (
			);
			runOnlyForDeploymentPostprocessing = 0;
		};
		048AF21F1B2EFF7A00B176CE /* Frameworks */ = {
			isa = PBXFrameworksBuildPhase;
			buildActionMask = 2147483647;
			files = (
			);
			runOnlyForDeploymentPostprocessing = 0;
		};
/* End PBXFrameworksBuildPhase section */

/* Begin PBXGroup section */
		048AF2041B2EFF7A00B176CE = {
			isa = PBXGroup;
			children = (
				048AF20F1B2EFF7A00B176CE /* Custom Keyboard */,
				048AF2251B2EFF7A00B176CE /* Custom KeyboardTests */,
				048AF20E1B2EFF7A00B176CE /* Products */,
			);
			sourceTree = "<group>";
		};
		048AF20E1B2EFF7A00B176CE /* Products */ = {
			isa = PBXGroup;
			children = (
				048AF20D1B2EFF7A00B176CE /* Custom Keyboard.app */,
				048AF2221B2EFF7A00B176CE /* Custom KeyboardTests.xctest */,
			);
			name = Products;
			sourceTree = "<group>";
		};
		048AF20F1B2EFF7A00B176CE /* Custom Keyboard */ = {
			isa = PBXGroup;
			children = (
				048AF2121B2EFF7A00B176CE /* AppDelegate.swift */,
				048AF2141B2EFF7A00B176CE /* ViewController.swift */,
				048AF2161B2EFF7A00B176CE /* Main.storyboard */,
				048AF2191B2EFF7A00B176CE /* Images.xcassets */,
				048AF21B1B2EFF7A00B176CE /* LaunchScreen.xib */,
				048AF2101B2EFF7A00B176CE /* Supporting Files */,
			);
			path = "Custom Keyboard";
			sourceTree = "<group>";
		};
		048AF2101B2EFF7A00B176CE /* Supporting Files */ = {
			isa = PBXGroup;
			children = (
				048AF2111B2EFF7A00B176CE /* Info.plist */,
			);
			name = "Supporting Files";
			sourceTree = "<group>";
		};
		048AF2251B2EFF7A00B176CE /* Custom KeyboardTests */ = {
			isa = PBXGroup;
			children = (
				048AF2281B2EFF7A00B176CE /* Custom_KeyboardTests.swift */,
				048AF2261B2EFF7A00B176CE /* Supporting Files */,
			);
			path = "Custom KeyboardTests";
			sourceTree = "<group>";
		};
		048AF2261B2EFF7A00B176CE /* Supporting Files */ = {
			isa = PBXGroup;
			children = (
				048AF2271B2EFF7A00B176CE /* Info.plist */,
			);
			name = "Supporting Files";
			sourceTree = "<group>";
		};
/* End PBXGroup section */

/* Begin PBXNativeTarget section */
		048AF20C1B2EFF7A00B176CE /* Custom Keyboard */ = {
			isa = PBXNativeTarget;
			buildConfigurationList = 048AF22C1B2EFF7A00B176CE /* Build configuration list for PBXNativeTarget "Custom Keyboard" */;
			buildPhases = (
				048AF2091B2EFF7A00B176CE /* Sources */,
				048AF20A1B2EFF7A00B176CE /* Frameworks */,
				048AF20B1B2EFF7A00B176CE /* Resources */,
			);
			buildRules = (
			);
			dependencies = (
			);
			name = "Custom Keyboard";
			productName = "Custom Keyboard";
			productReference = 048AF20D1B2EFF7A00B176CE /* Custom Keyboard.app */;
			productType = "com.apple.product-type.application";
		};
		048AF2211B2EFF7A00B176CE /* Custom KeyboardTests */ = {
			isa = PBXNativeTarget;
			buildConfigurationList = 048AF22F1B2EFF7A00B176CE /* Build configuration list for PBXNativeTarget "Custom KeyboardTests" */;
			buildPhases = (
				048AF21E1B2EFF7A00B176CE /* Sources */,
				048AF21F1B2EFF7A00B176CE /* Frameworks */,
				048AF2201B2EFF7A00B176CE /* Resources */,
			);
			buildRules = (
			);
			dependencies = (
				048AF2241B2EFF7A00B176CE /* PBXTargetDependency */,
			);
			name = "Custom KeyboardTests";
			productName = "Custom KeyboardTests";
			productReference = 048AF2221B2EFF7A00B176CE /* Custom KeyboardTests.xctest */;
			productType = "com.apple.product-type.bundle.unit-test";
		};
/* End PBXNativeTarget section */

/* Begin PBXProject section */
		048AF2051B2EFF7A00B176CE /* Project object */ = {
			isa = PBXProject;
			attributes = {
				LastUpgradeCheck = 0630;
				ORGANIZATIONNAME = CZ;
				TargetAttributes = {
					048AF20C1B2EFF7A00B176CE = {
						CreatedOnToolsVersion = 6.3.2;
					};
					048AF2211B2EFF7A00B176CE = {
						CreatedOnToolsVersion = 6.3.2;
						TestTargetID = 048AF20C1B2EFF7A00B176CE;
					};
				};
			};
			buildConfigurationList = 048AF2081B2EFF7A00B176CE /* Build configuration list for PBXProject "Custom Keyboard" */;
			compatibilityVersion = "Xcode 3.2";
			developmentRegion = English;
			hasScannedForEncodings = 0;
			knownRegions = (
				en,
				Base,
			);
			mainGroup = 048AF2041B2EFF7A00B176CE;
			productRefGroup = 048AF20E1B2EFF7A00B176CE /* Products */;
			projectDirPath = "";
			projectRoot = "";
			targets = (
				048AF20C1B2EFF7A00B176CE /* Custom Keyboard */,
				048AF2211B2EFF7A00B176CE /* Custom KeyboardTests */,
			);
		};
/* End PBXProject section */

/* Begin PBXResourcesBuildPhase section */
		048AF20B1B2EFF7A00B176CE /* Resources */ = {
			isa = PBXResourcesBuildPhase;
			buildActionMask = 2147483647;
			files = (
				048AF2181B2EFF7A00B176CE /* Main.storyboard in Resources */,
				048AF21D1B2EFF7A00B176CE /* LaunchScreen.xib in Resources */,
				048AF21A1B2EFF7A00B176CE /* Images.xcassets in Resources */,
			);
			runOnlyForDeploymentPostprocessing = 0;
		};
		048AF2201B2EFF7A00B176CE /* Resources */ = {
			isa = PBXResourcesBuildPhase;
			buildActionMask = 2147483647;
			files = (
			);
			runOnlyForDeploymentPostprocessing = 0;
		};
/* End PBXResourcesBuildPhase section */

/* Begin PBXSourcesBuildPhase section */
		048AF2091B2EFF7A00B176CE /* Sources */ = {
			isa = PBXSourcesBuildPhase;
			buildActionMask = 2147483647;
			files = (
				048AF2151B2EFF7A00B176CE /* ViewController.swift in Sources */,
				048AF2131B2EFF7A00B176CE /* AppDelegate.swift in Sources */,
			);
			runOnlyForDeploymentPostprocessing = 0;
		};
		048AF21E1B2EFF7A00B176CE /* Sources */ = {
			isa = PBXSourcesBuildPhase;
			buildActionMask = 2147483647;
			files = (
				048AF2291B2EFF7A00B176CE /* Custom_KeyboardTests.swift in Sources */,
			);
			runOnlyForDeploymentPostprocessing = 0;
		};
/* End PBXSourcesBuildPhase section */

/* Begin PBXTargetDependency section */
		048AF2241B2EFF7A00B176CE /* PBXTargetDependency */ = {
			isa = PBXTargetDependency;
			target = 048AF20C1B2EFF7A00B176CE /* Custom Keyboard */;
			targetProxy = 048AF2231B2EFF7A00B176CE /* PBXContainerItemProxy */;
		};
/* End PBXTargetDependency section */

/* Begin PBXVariantGroup section */
		048AF2161B2EFF7A00B176CE /* Main.storyboard */ = {
			isa = PBXVariantGroup;
			children = (
				048AF2171B2EFF7A00B176CE /* Base */,
			);
			name = Main.storyboard;
			sourceTree = "<group>";
		};
		048AF21B1B2EFF7A00B176CE /* LaunchScreen.xib */ = {
			isa = PBXVariantGroup;
			children = (
				048AF21C1B2EFF7A00B176CE /* Base */,
			);
			name = LaunchScreen.xib;
			sourceTree = "<group>";
		};
/* End PBXVariantGroup section */

/* Begin XCBuildConfiguration section */
		048AF22A1B2EFF7A00B176CE /* Debug */ = {
			isa = XCBuildConfiguration;
			buildSettings = {
				ALWAYS_SEARCH_USER_PATHS = NO;
				CLANG_CXX_LANGUAGE_STANDARD = "gnu++0x";
				CLANG_CXX_LIBRARY = "libc++";
				CLANG_ENABLE_MODULES = YES;
				CLANG_ENABLE_OBJC_ARC = YES;
				CLANG_WARN_BOOL_CONVERSION = YES;
				CLANG_WARN_CONSTANT_CONVERSION = YES;
				CLANG_WARN_DIRECT_OBJC_ISA_USAGE = YES_ERROR;
				CLANG_WARN_EMPTY_BODY = YES;
				CLANG_WARN_ENUM_CONVERSION = YES;
				CLANG_WARN_INT_CONVERSION = YES;
				CLANG_WARN_OBJC_ROOT_CLASS = YES_ERROR;
				CLANG_WARN_UNREACHABLE_CODE = YES;
				CLANG_WARN__DUPLICATE_METHOD_MATCH = YES;
				"CODE_SIGN_IDENTITY[sdk=iphoneos*]" = "iPhone Developer";
				COPY_PHASE_STRIP = NO;
				DEBUG_INFORMATION_FORMAT = "dwarf-with-dsym";
				ENABLE_STRICT_OBJC_MSGSEND = YES;
				GCC_C_LANGUAGE_STANDARD = gnu99;
				GCC_DYNAMIC_NO_PIC = NO;
				GCC_NO_COMMON_BLOCKS = YES;
				GCC_OPTIMIZATION_LEVEL = 0;
				GCC_PREPROCESSOR_DEFINITIONS = (
					"DEBUG=1",
					"$(inherited)",
				);
				GCC_SYMBOLS_PRIVATE_EXTERN = NO;
				GCC_WARN_64_TO_32_BIT_CONVERSION = YES;
				GCC_WARN_ABOUT_RETURN_TYPE = YES_ERROR;
				GCC_WARN_UNDECLARED_SELECTOR = YES;
				GCC_WARN_UNINITIALIZED_AUTOS = YES_AGGRESSIVE;
				GCC_WARN_UNUSED_FUNCTION = YES;
				GCC_WARN_UNUSED_VARIABLE = YES;
				IPHONEOS_DEPLOYMENT_TARGET = 8.3;
				MTL_ENABLE_DEBUG_INFO = YES;
				ONLY_ACTIVE_ARCH = YES;
				SDKROOT = iphoneos;
				SWIFT_OPTIMIZATION_LEVEL = "-Onone";
			};
			name = Debug;
		};
		048AF22B1B2EFF7A00B176CE /* Release */ = {
			isa = XCBuildConfiguration;
			buildSettings = {
				ALWAYS_SEARCH_USER_PATHS = NO;
				CLANG_CXX_LANGUAGE_STANDARD = "gnu++0x";
				CLANG_CXX_LIBRARY = "libc++";
				CLANG_ENABLE_MODULES = YES;
				CLANG_ENABLE_OBJC_ARC = YES;
				CLANG_WARN_BOOL_CONVERSION = YES;
				CLANG_WARN_CONSTANT_CONVERSION = YES;
				CLANG_WARN_DIRECT_OBJC_ISA_USAGE = YES_ERROR;
				CLANG_WARN_EMPTY_BODY = YES;
				CLANG_WARN_ENUM_CONVERSION = YES;
				CLANG_WARN_INT_CONVERSION = YES;
				CLANG_WARN_OBJC_ROOT_CLASS = YES_ERROR;
				CLANG_WARN_UNREACHABLE_CODE = YES;
				CLANG_WARN__DUPLICATE_METHOD_MATCH = YES;
				"CODE_SIGN_IDENTITY[sdk=iphoneos*]" = "iPhone Developer";
				COPY_PHASE_STRIP = NO;
				DEBUG_INFORMATION_FORMAT = "dwarf-with-dsym";
				ENABLE_NS_ASSERTIONS = NO;
				ENABLE_STRICT_OBJC_MSGSEND = YES;
				GCC_C_LANGUAGE_STANDARD = gnu99;
				GCC_NO_COMMON_BLOCKS = YES;
				GCC_WARN_64_TO_32_BIT_CONVERSION = YES;
				GCC_WARN_ABOUT_RETURN_TYPE = YES_ERROR;
				GCC_WARN_UNDECLARED_SELECTOR = YES;
				GCC_WARN_UNINITIALIZED_AUTOS = YES_AGGRESSIVE;
				GCC_WARN_UNUSED_FUNCTION = YES;
				GCC_WARN_UNUSED_VARIABLE = YES;
				IPHONEOS_DEPLOYMENT_TARGET = 8.3;
				MTL_ENABLE_DEBUG_INFO = NO;
				SDKROOT = iphoneos;
				VALIDATE_PRODUCT = YES;
			};
			name = Release;
		};
		048AF22D1B2EFF7A00B176CE /* Debug */ = {
			isa = XCBuildConfiguration;
			buildSettings = {
				ASSETCATALOG_COMPILER_APPICON_NAME = AppIcon;
				INFOPLIST_FILE = "Custom Keyboard/Info.plist";
				LD_RUNPATH_SEARCH_PATHS = "$(inherited) @executable_path/Frameworks";
				PRODUCT_NAME = "$(TARGET_NAME)";
			};
			name = Debug;
		};
		048AF22E1B2EFF7A00B176CE /* Release */ = {
			isa = XCBuildConfiguration;
			buildSettings = {
				ASSETCATALOG_COMPILER_APPICON_NAME = AppIcon;
				INFOPLIST_FILE = "Custom Keyboard/Info.plist";
				LD_RUNPATH_SEARCH_PATHS = "$(inherited) @executable_path/Frameworks";
				PRODUCT_NAME = "$(TARGET_NAME)";
			};
			name = Release;
		};
		048AF2301B2EFF7A00B176CE /* Debug */ = {
			isa = XCBuildConfiguration;
			buildSettings = {
				BUNDLE_LOADER = "$(TEST_HOST)";
				FRAMEWORK_SEARCH_PATHS = (
					"$(SDKROOT)/Developer/Library/Frameworks",
					"$(inherited)",
				);
				GCC_PREPROCESSOR_DEFINITIONS = (
					"DEBUG=1",
					"$(inherited)",
				);
				INFOPLIST_FILE = "Custom KeyboardTests/Info.plist";
				LD_RUNPATH_SEARCH_PATHS = "$(inherited) @executable_path/Frameworks @loader_path/Frameworks";
				PRODUCT_NAME = "$(TARGET_NAME)";
				TEST_HOST = "$(BUILT_PRODUCTS_DIR)/Custom Keyboard.app/Custom Keyboard";
			};
			name = Debug;
		};
		048AF2311B2EFF7A00B176CE /* Release */ = {
			isa = XCBuildConfiguration;
			buildSettings = {
				BUNDLE_LOADER = "$(TEST_HOST)";
				FRAMEWORK_SEARCH_PATHS = (
					"$(SDKROOT)/Developer/Library/Frameworks",
					"$(inherited)",
				);
				INFOPLIST_FILE = "Custom KeyboardTests/Info.plist";
				LD_RUNPATH_SEARCH_PATHS = "$(inherited) @executable_path/Frameworks @loader_path/Frameworks";
				PRODUCT_NAME = "$(TARGET_NAME)";
				TEST_HOST = "$(BUILT_PRODUCTS_DIR)/Custom Keyboard.app/Custom Keyboard";
			};
			name = Release;
		};
/* End XCBuildConfiguration section */

/* Begin XCConfigurationList section */
		048AF2081B2EFF7A00B176CE /* Build configuration list for PBXProject "Custom Keyboard" */ = {
			isa = XCConfigurationList;
			buildConfigurations = (
				048AF22A1B2EFF7A00B176CE /* Debug */,
				048AF22B1B2EFF7A00B176CE /* Release */,
			);
			defaultConfigurationIsVisible = 0;
			defaultConfigurationName = Release;
		};
		048AF22C1B2EFF7A00B176CE /* Build configuration list for PBXNativeTarget "Custom Keyboard" */ = {
			isa = XCConfigurationList;
			buildConfigurations = (
				048AF22D1B2EFF7A00B176CE /* Debug */,
				048AF22E1B2EFF7A00B176CE /* Release */,
			);
			defaultConfigurationIsVisible = 0;
		};
		048AF22F1B2EFF7A00B176CE /* Build configuration list for PBXNativeTarget "Custom KeyboardTests" */ = {
			isa = XCConfigurationList;
			buildConfigurations = (
				048AF2301B2EFF7A00B176CE /* Debug */,
				048AF2311B2EFF7A00B176CE /* Release */,
			);
			defaultConfigurationIsVisible = 0;
		};
/* End XCConfigurationList section */
	};
	rootObject = 048AF2051B2EFF7A00B176CE /* Project object */;
}
